
Microsoft Visual Studio Solution File, Format Version 12.00
# Visual Studio 15
VisualStudioVersion = 15.0.28307.168
MinimumVisualStudioVersion = 10.0.40219.1
Project("{FAE04EC0-301F-11D3-BF4B-00C04F79EFBC}") = "C0709562", "C0709562\C0709562.csproj", "{01CB7AC4-09A8-4C65-95EC-1F4720AB47F9}"
EndProject
Global
	GlobalSection(SolutionConfigurationPlatforms) = preSolution
		Debug|Any CPU = Debug|Any CPU
		Release|Any CPU = Release|Any CPU
	EndGlobalSection
	GlobalSection(ProjectConfigurationPlatforms) = postSolution
		{01CB7AC4-09A8-4C65-95EC-1F4720AB47F9}.Debug|Any CPU.ActiveCfg = Debug|Any CPU
		{01CB7AC4-09A8-4C65-95EC-1F4720AB47F9}.Debug|Any CPU.Build.0 = Debug|Any CPU
		{01CB7AC4-09A8-4C65-95EC-1F4720AB47F9}.Release|Any CPU.ActiveCfg = Release|Any CPU
		{01CB7AC4-09A8-4C65-95EC-1F4720AB47F9}.Release|Any CPU.Build.0 = Release|Any CPU
	EndGlobalSection
	GlobalSection(SolutionProperties) = preSolution
		HideSolutionNode = FALSE
	EndGlobalSection
	GlobalSection(ExtensibilityGlobals) = postSolution
		SolutionGuid = {DFA2E62E-F8E9-4E99-B7DE-E2984E3C855A}
	EndGlobalSection
EndGlobal
